{
  "lockfileVersion": 0,
  "workspaces": {
    "": {
      "dependencies": {
        "@hono/valibot-validator": "^0.5.2",
        "@scalar/hono-api-reference": "^0.5.184",
        "@valibot/to-json-schema": "^1.0.0-rc.0",
        "hono-openapi": "^0.4.6",
        "valibot": "^1.0.0-rc.4",
      },
      "devDependencies": {
        "@types/bun": "latest",
      },
      "peerDependencies": {
        "typescript": "^5",
      },
    },
  },
  "packages": {
    "@apidevtools/json-schema-ref-parser": ["@apidevtools/json-schema-ref-parser@11.9.3", "", { "dependencies": { "@jsdevtools/ono": "^7.1.3", "@types/json-schema": "^7.0.15", "js-yaml": "^4.1.0" } }, "sha512-60vepv88RwcJtSHrD6MjIL6Ta3SOYbgfnkHb+ppAVK+o9mXprRtulx7VlRl3lN3bbvysAfCS7WMVfhUYemB0IQ=="],

    "@hono/valibot-validator": ["@hono/valibot-validator@0.5.2", "", { "peerDependencies": { "hono": ">=3.9.0", "valibot": "^1.0.0 || ^1.0.0-beta.4 || ^1.0.0-rc" } }, "sha512-WbTr8PCFNAME0ale62rmmq+E8bGp5a7VPiVNmNT+Ue12GJE3Ax+CWBGtHhR0TzAEiloPvJND3IbjHIgtNtsqhw=="],

    "@jsdevtools/ono": ["@jsdevtools/ono@7.1.3", "", {}, "sha512-4JQNk+3mVzK3xh2rqd6RB4J46qUR19azEHBneZyTZM+c456qOrbbM/5xcR8huNCCcbVt7+UmizG6GuUvPvKUYg=="],

    "@scalar/core": ["@scalar/core@0.1.1", "", { "dependencies": { "@scalar/types": "0.0.40" } }, "sha512-7qnZp8ykrXoKScFIZcwt638CuFFyj7G3SsgVfD5liNgb533K8/lhWqdmp1vK2u4BKKJ9GBAPKMlWZE/+yA8WTw=="],

    "@scalar/hono-api-reference": ["@scalar/hono-api-reference@0.5.184", "", { "dependencies": { "@scalar/core": "0.1.1" }, "peerDependencies": { "hono": "^4.0.0" } }, "sha512-vRSRwJkN1Xo5dW9KYQJlGpKZ+Nh9qH+x1sn0qf6/Lx8QLPyyEpNm1EEddKaIN6qd5wrtVjDN6adQhfAfcYGHzw=="],

    "@scalar/openapi-types": ["@scalar/openapi-types@0.1.9", "", {}, "sha512-HQQudOSQBU7ewzfnBW9LhDmBE2XOJgSfwrh5PlUB7zJup/kaRkBGNgV2wMjNz9Af/uztiU/xNrO179FysmUT+g=="],

    "@scalar/types": ["@scalar/types@0.0.40", "", { "dependencies": { "@scalar/openapi-types": "0.1.9", "@unhead/schema": "^1.11.11", "zod": "^3.23.8" } }, "sha512-0J6o+yZzgZEvl3KhvLTAGiXXyrCeEPKvs9gUWQDf1Rb5NfFxF0lA10ougCQCwVJIguWNEzZfOUiSoAFzGy2EqQ=="],

    "@types/bun": ["@types/bun@1.2.5", "", { "dependencies": { "bun-types": "1.2.5" } }, "sha512-w2OZTzrZTVtbnJew1pdFmgV99H0/L+Pvw+z1P67HaR18MHOzYnTYOi6qzErhK8HyT+DB782ADVPPE92Xu2/Opg=="],

    "@types/json-schema": ["@types/json-schema@7.0.15", "", {}, "sha512-5+fP8P8MFNC+AyZCDxrB2pkZFPGzqQWUzpSeuuVLvm8VMcorNYavBqoFcxK8bQz4Qsbn4oUEEem4wDLfcysGHA=="],

    "@types/node": ["@types/node@22.13.11", "", { "dependencies": { "undici-types": "~6.20.0" } }, "sha512-iEUCUJoU0i3VnrCmgoWCXttklWcvoCIx4jzcP22fioIVSdTmjgoEvmAO/QPw6TcS9k5FrNgn4w7q5lGOd1CT5g=="],

    "@types/ws": ["@types/ws@8.5.14", "", { "dependencies": { "@types/node": "*" } }, "sha512-bd/YFLW+URhBzMXurx7lWByOu+xzU9+kb3RboOteXYDfW+tr+JZa99OyNmPINEGB/ahzKrEuc8rcv4gnpJmxTw=="],

    "@unhead/schema": ["@unhead/schema@1.11.20", "", { "dependencies": { "hookable": "^5.5.3", "zhead": "^2.2.4" } }, "sha512-0zWykKAaJdm+/Y7yi/Yds20PrUK7XabLe9c3IRcjnwYmSWY6z0Cr19VIs3ozCj8P+GhR+/TI2mwtGlueCEYouA=="],

    "@valibot/to-json-schema": ["@valibot/to-json-schema@1.0.0", "", { "peerDependencies": { "valibot": "^1.0.0" } }, "sha512-/9crJgPptVsGCL6X+JPDQyaJwkalSZ/52WuF8DiRUxJgcmpNdzYRfZ+gqMEP8W3CTVfuMWPqqvIgfwJ97f9Etw=="],

    "argparse": ["argparse@2.0.1", "", {}, "sha512-8+9WqebbFzpX9OR+Wa6O29asIogeRMzcGtAINdpMHHyAg10f05aSFVBbcEqGf/PXw1EjAZ+q2/bEBg3DvurK3Q=="],

    "bun-types": ["bun-types@1.2.5", "", { "dependencies": { "@types/node": "*", "@types/ws": "~8.5.10" } }, "sha512-3oO6LVGGRRKI4kHINx5PIdIgnLRb7l/SprhzqXapmoYkFl5m4j6EvALvbDVuuBFaamB46Ap6HCUxIXNLCGy+tg=="],

    "clone": ["clone@2.1.2", "", {}, "sha512-3Pe/CF1Nn94hyhIYpjtiLhdCoEoz0DqQ+988E9gmeEdQZlojxnOb74wctFyuwWQHzqyf9X7C7MG8juUpqBJT8w=="],

    "hono": ["hono@4.7.5", "", {}, "sha512-fDOK5W2C1vZACsgLONigdZTRZxuBqFtcKh7bUQ5cVSbwI2RWjloJDcgFOVzbQrlI6pCmhlTsVYZ7zpLj4m4qMQ=="],

    "hono-openapi": ["hono-openapi@0.4.6", "", { "dependencies": { "json-schema-walker": "^2.0.0" }, "peerDependencies": { "@hono/arktype-validator": "^2.0.0", "@hono/effect-validator": "^1.2.0", "@hono/typebox-validator": "^0.2.0 || ^0.3.0", "@hono/valibot-validator": "^0.5.1", "@hono/zod-validator": "^0.4.1", "@sinclair/typebox": "^0.34.9", "@valibot/to-json-schema": "^1.0.0-beta.3", "arktype": "^2.0.0-rc.25", "effect": "^3.11.3", "hono": "^4.6.13", "openapi-types": "^12.1.3", "valibot": "^1.0.0-beta.9", "zod": "^3.23.8", "zod-openapi": "^4.0.0" }, "optionalPeers": ["@hono/arktype-validator", "@hono/effect-validator", "@hono/typebox-validator", "@hono/valibot-validator", "@hono/zod-validator", "@sinclair/typebox", "@valibot/to-json-schema", "arktype", "effect", "hono", "openapi-types", "valibot", "zod", "zod-openapi"] }, "sha512-wSDySp2cS5Zcf1OeLG7nCP3eMsCpcDomN137T9B6/Z5Qq3D0nWgMf0I3Gl41SE1rE37OBQ0Smqx3LOP9Hk//7A=="],

    "hookable": ["hookable@5.5.3", "", {}, "sha512-Yc+BQe8SvoXH1643Qez1zqLRmbA5rCL+sSmk6TVos0LWVfNIB7PGncdlId77WzLGSIB5KaWgTaNTs2lNVEI6VQ=="],

    "js-yaml": ["js-yaml@4.1.0", "", { "dependencies": { "argparse": "^2.0.1" }, "bin": { "js-yaml": "bin/js-yaml.js" } }, "sha512-wpxZs9NoxZaJESJGIZTyDEaYpl0FKSA+FB9aJiyemKhMwkxQg63h4T1KJgUGHpTqPDNRcmmYLugrRjJlBtWvRA=="],

    "json-schema-walker": ["json-schema-walker@2.0.0", "", { "dependencies": { "@apidevtools/json-schema-ref-parser": "^11.1.0", "clone": "^2.1.2" } }, "sha512-nXN2cMky0Iw7Af28w061hmxaPDaML5/bQD9nwm1lOoIKEGjHcRGxqWe4MfrkYThYAPjSUhmsp4bJNoLAyVn9Xw=="],

    "typescript": ["typescript@5.8.2", "", { "bin": { "tsc": "bin/tsc", "tsserver": "bin/tsserver" } }, "sha512-aJn6wq13/afZp/jT9QZmwEjDqqvSGp1VT5GVg+f/t6/oVyrgXM6BY1h9BRh/O5p3PlUPAe+WuiEZOmb/49RqoQ=="],

    "undici-types": ["undici-types@6.20.0", "", {}, "sha512-Ny6QZ2Nju20vw1SRHe3d9jVu6gJ+4e3+MMpqu7pqE5HT6WsTSlce++GQmK5UXS8mzV8DSYHrQH+Xrf2jVcuKNg=="],

    "valibot": ["valibot@1.0.0", "", { "peerDependencies": { "typescript": ">=5" }, "optionalPeers": ["typescript"] }, "sha512-1Hc0ihzWxBar6NGeZv7fPLY0QuxFMyxwYR2sF1Blu7Wq7EnremwY2W02tit2ij2VJT8HcSkHAQqmFfl77f73Yw=="],

    "zhead": ["zhead@2.2.4", "", {}, "sha512-8F0OI5dpWIA5IGG5NHUg9staDwz/ZPxZtvGVf01j7vHqSyZ0raHY+78atOVxRqb73AotX22uV1pXt3gYSstGag=="],

    "zod": ["zod@3.24.2", "", {}, "sha512-lY7CDW43ECgW9u1TcT3IoXHflywfVqDYze4waEz812jR/bZ8FHDsl7pFQoSZTz5N+2NqRXs8GBwnAwo3ZNxqhQ=="],
  }
}
